
Microsoft Visual Studio Solution File, Format Version 12.00
# Visual Studio Version 17
VisualStudioVersion = 17.13.35919.96
MinimumVisualStudioVersion = 10.0.40219.1
Project("{FAE04EC0-301F-11D3-BF4B-00C04F79EFBC}") = "Jobify.Api", "Jobify.Api\Jobify.Api.csproj", "{79C8D5B2-5160-4AEB-927D-230CF87F7A88}"
EndProject
Project("{FAE04EC0-301F-11D3-BF4B-00C04F79EFBC}") = "Jobify.Domain", "Jobify.Core\Jobify.Domain.csproj", "{5E22E56C-28BD-41DD-9296-6F55794EDFA0}"
EndProject
Project("{FAE04EC0-301F-11D3-BF4B-00C04F79EFBC}") = "Jobify.Infrastructure", "Jobify.Infrastructure\Jobify.Infrastructure.csproj", "{4E5C2C0B-457F-4887-9ED7-45E0A0C4E968}"
EndProject
Project("{FAE04EC0-301F-11D3-BF4B-00C04F79EFBC}") = "Jobify.Application", "Jobify.Services\Jobify.Application.csproj", "{0BFA2DA7-B938-4EFD-A900-FAD424E6C710}"
EndProject
Global
	GlobalSection(SolutionConfigurationPlatforms) = preSolution
		Debug|Any CPU = Debug|Any CPU
		Release|Any CPU = Release|Any CPU
	EndGlobalSection
	GlobalSection(ProjectConfigurationPlatforms) = postSolution
		{79C8D5B2-5160-4AEB-927D-230CF87F7A88}.Debug|Any CPU.ActiveCfg = Debug|Any CPU
		{79C8D5B2-5160-4AEB-927D-230CF87F7A88}.Debug|Any CPU.Build.0 = Debug|Any CPU
		{79C8D5B2-5160-4AEB-927D-230CF87F7A88}.Release|Any CPU.ActiveCfg = Release|Any CPU
		{79C8D5B2-5160-4AEB-927D-230CF87F7A88}.Release|Any CPU.Build.0 = Release|Any CPU
		{5E22E56C-28BD-41DD-9296-6F55794EDFA0}.Debug|Any CPU.ActiveCfg = Debug|Any CPU
		{5E22E56C-28BD-41DD-9296-6F55794EDFA0}.Debug|Any CPU.Build.0 = Debug|Any CPU
		{5E22E56C-28BD-41DD-9296-6F55794EDFA0}.Release|Any CPU.ActiveCfg = Release|Any CPU
		{5E22E56C-28BD-41DD-9296-6F55794EDFA0}.Release|Any CPU.Build.0 = Release|Any CPU
		{4E5C2C0B-457F-4887-9ED7-45E0A0C4E968}.Debug|Any CPU.ActiveCfg = Debug|Any CPU
		{4E5C2C0B-457F-4887-9ED7-45E0A0C4E968}.Debug|Any CPU.Build.0 = Debug|Any CPU
		{4E5C2C0B-457F-4887-9ED7-45E0A0C4E968}.Release|Any CPU.ActiveCfg = Release|Any CPU
		{4E5C2C0B-457F-4887-9ED7-45E0A0C4E968}.Release|Any CPU.Build.0 = Release|Any CPU
		{0BFA2DA7-B938-4EFD-A900-FAD424E6C710}.Debug|Any CPU.ActiveCfg = Debug|Any CPU
		{0BFA2DA7-B938-4EFD-A900-FAD424E6C710}.Debug|Any CPU.Build.0 = Debug|Any CPU
		{0BFA2DA7-B938-4EFD-A900-FAD424E6C710}.Release|Any CPU.ActiveCfg = Release|Any CPU
		{0BFA2DA7-B938-4EFD-A900-FAD424E6C710}.Release|Any CPU.Build.0 = Release|Any CPU
	EndGlobalSection
	GlobalSection(SolutionProperties) = preSolution
		HideSolutionNode = FALSE
	EndGlobalSection
	GlobalSection(ExtensibilityGlobals) = postSolution
		SolutionGuid = {DEE7956E-3297-4E00-A230-0D56CE18447E}
	EndGlobalSection
EndGlobal
